<?xml version="1.0" encoding="utf-8"?>
<Project ToolsVersion="4.0" xmlns="http://schemas.microsoft.com/developer/msbuild/2003">
  <ItemGroup>
    <ClCompile Include="src\ofApp.cpp">
      <Filter>src</Filter>
    </ClCompile>
    <ClCompile Include="src\main.cpp">
      <Filter>src</Filter>
    </ClCompile>
    <ClCompile Include="src\main.cpp">
      <Filter>src</Filter>
    </ClCompile>
    <ClCompile Include="src\ofApp.cpp">
      <Filter>src</Filter>
    </ClCompile>
    <ClCompile Include="Kinematic.cpp">
      <Filter>AI</Filter>
    </ClCompile>
    <ClCompile Include="Boid.cpp">
      <Filter>AI</Filter>
    </ClCompile>
    <ClCompile Include="BasicMotion.cpp">
      <Filter>Assignment</Filter>
    </ClCompile>
    <ClCompile Include="Tracking.cpp" />
  </ItemGroup>
  <ItemGroup>
    <Filter Include="src">
      <UniqueIdentifier>{d8376475-7454-4a24-b08a-aac121d3ad6f}</UniqueIdentifier>
    </Filter>
    <Filter Include="AI">
      <UniqueIdentifier>{769770d3-8eba-44f1-96e4-9b5c15a93a0f}</UniqueIdentifier>
    </Filter>
    <Filter Include="Assignment">
      <UniqueIdentifier>{9bbd9f82-34ed-4067-b9a1-4e992fa9d5c2}</UniqueIdentifier>
    </Filter>
  </ItemGroup>
  <ItemGroup>
    <ClInclude Include="src\ofApp.h">
      <Filter>src</Filter>
    </ClInclude>
    <ClInclude Include="src\ofApp.h">
      <Filter>src</Filter>
    </ClInclude>
    <ClInclude Include="Kinematic.h">
      <Filter>AI</Filter>
    </ClInclude>
    <ClInclude Include="Boid.h">
      <Filter>AI</Filter>
    </ClInclude>
    <ClInclude Include="BasicMotion.h">
      <Filter>Assignment</Filter>
    </ClInclude>
    <ClInclude Include="Tracking.h" />
  </ItemGroup>
  <ItemGroup>
    <ResourceCompile Include="icon.rc" />
  </ItemGroup>
</Project>